
Microsoft Visual Studio Solution File, Format Version 12.00
# Visual Studio Version 16
VisualStudioVersion = 16.0.29519.181
MinimumVisualStudioVersion = 10.0.40219.1
Project("{FAE04EC0-301F-11D3-BF4B-00C04F79EFBC}") = "Nesne_Tabanlı_Proje", "Nesne_Tabanlı_Proje\Nesne_Tabanlı_Proje.csproj", "{ABDC8CC9-0141-4F32-9B9A-AB029E2274F7}"
EndProject
Global
	GlobalSection(SolutionConfigurationPlatforms) = preSolution
		Debug|Any CPU = Debug|Any CPU
		Release|Any CPU = Release|Any CPU
	EndGlobalSection
	GlobalSection(ProjectConfigurationPlatforms) = postSolution
		{ABDC8CC9-0141-4F32-9B9A-AB029E2274F7}.Debug|Any CPU.ActiveCfg = Debug|Any CPU
		{ABDC8CC9-0141-4F32-9B9A-AB029E2274F7}.Debug|Any CPU.Build.0 = Debug|Any CPU
		{ABDC8CC9-0141-4F32-9B9A-AB029E2274F7}.Release|Any CPU.ActiveCfg = Release|Any CPU
		{ABDC8CC9-0141-4F32-9B9A-AB029E2274F7}.Release|Any CPU.Build.0 = Release|Any CPU
	EndGlobalSection
	GlobalSection(SolutionProperties) = preSolution
		HideSolutionNode = FALSE
	EndGlobalSection
	GlobalSection(ExtensibilityGlobals) = postSolution
		SolutionGuid = {5B4A869B-E14F-42AB-B777-A113FE687DD2}
	EndGlobalSection
EndGlobal
